
Microsoft Visual Studio Solution File, Format Version 12.00
# Visual Studio Version 16
VisualStudioVersion = 16.0.29519.181
MinimumVisualStudioVersion = 10.0.40219.1
Project("{FAE04EC0-301F-11D3-BF4B-00C04F79EFBC}") = "Projekt na uczelnie", "Projekt na uczelnie.csproj", "{865A7321-A2CF-4B2E-87EC-E7438D35004F}"
EndProject
Global
	GlobalSection(SolutionConfigurationPlatforms) = preSolution
		Debug|Any CPU = Debug|Any CPU
		Release|Any CPU = Release|Any CPU
	EndGlobalSection
	GlobalSection(ProjectConfigurationPlatforms) = postSolution
		{865A7321-A2CF-4B2E-87EC-E7438D35004F}.Debug|Any CPU.ActiveCfg = Debug|Any CPU
		{865A7321-A2CF-4B2E-87EC-E7438D35004F}.Debug|Any CPU.Build.0 = Debug|Any CPU
		{865A7321-A2CF-4B2E-87EC-E7438D35004F}.Release|Any CPU.ActiveCfg = Release|Any CPU
		{865A7321-A2CF-4B2E-87EC-E7438D35004F}.Release|Any CPU.Build.0 = Release|Any CPU
	EndGlobalSection
	GlobalSection(SolutionProperties) = preSolution
		HideSolutionNode = FALSE
	EndGlobalSection
	GlobalSection(ExtensibilityGlobals) = postSolution
		SolutionGuid = {6311D3E8-E0E2-4F62-B534-D1C47A462301}
	EndGlobalSection
EndGlobal
